
Microsoft Visual Studio Solution File, Format Version 12.00
# Visual Studio 15
VisualStudioVersion = 15.0.27703.2035
MinimumVisualStudioVersion = 10.0.40219.1
Project("{888888A0-9F3D-457C-B088-3A5042F75D52}") = "livesets", "livesets.pyproj", "{5B63DC0B-424C-410C-AF8E-350E3597DD5E}"
EndProject
Project("{888888A0-9F3D-457C-B088-3A5042F75D52}") = "pmf", "pmf.pyproj", "{2F9806DB-6CEE-48E2-A7F1-EE2224AE3DA7}"
EndProject
Global
	GlobalSection(SolutionConfigurationPlatforms) = preSolution
		Debug|Any CPU = Debug|Any CPU
		Release|Any CPU = Release|Any CPU
	EndGlobalSection
	GlobalSection(ProjectConfigurationPlatforms) = postSolution
		{5B63DC0B-424C-410C-AF8E-350E3597DD5E}.Debug|Any CPU.ActiveCfg = Debug|Any CPU
		{5B63DC0B-424C-410C-AF8E-350E3597DD5E}.Release|Any CPU.ActiveCfg = Release|Any CPU
		{2F9806DB-6CEE-48E2-A7F1-EE2224AE3DA7}.Debug|Any CPU.ActiveCfg = Debug|Any CPU
		{2F9806DB-6CEE-48E2-A7F1-EE2224AE3DA7}.Release|Any CPU.ActiveCfg = Release|Any CPU
	EndGlobalSection
	GlobalSection(SolutionProperties) = preSolution
		HideSolutionNode = FALSE
	EndGlobalSection
	GlobalSection(ExtensibilityGlobals) = postSolution
		SolutionGuid = {C1F174D4-DC66-4B2A-8294-290688F37BFC}
	EndGlobalSection
	GlobalSection(MercurialSourceControlSolutionProperties) = preSolution
		SolutionIsControlled = True
		SolutionBindings = <Solution Location In Database>
	EndGlobalSection
EndGlobal
